
Microsoft Visual Studio Solution File, Format Version 12.00
# Visual Studio Version 16
VisualStudioVersion = 16.0.29403.142
MinimumVisualStudioVersion = 10.0.40219.1
Project("{00D1A9C2-B5F0-4AF3-8072-F6C62B433612}") = "AzureDevOpsSQlDBUpdate", "AzureDevOpsSQlDBUpdate.sqlproj", "{A8F02FB6-06AE-4D04-9F1E-E49582C0848D}"
EndProject
Global
	GlobalSection(SolutionConfigurationPlatforms) = preSolution
		Debug|Any CPU = Debug|Any CPU
		Release|Any CPU = Release|Any CPU
	EndGlobalSection
	GlobalSection(ProjectConfigurationPlatforms) = postSolution
		{A8F02FB6-06AE-4D04-9F1E-E49582C0848D}.Debug|Any CPU.ActiveCfg = Debug|Any CPU
		{A8F02FB6-06AE-4D04-9F1E-E49582C0848D}.Debug|Any CPU.Build.0 = Debug|Any CPU
		{A8F02FB6-06AE-4D04-9F1E-E49582C0848D}.Debug|Any CPU.Deploy.0 = Debug|Any CPU
		{A8F02FB6-06AE-4D04-9F1E-E49582C0848D}.Release|Any CPU.ActiveCfg = Release|Any CPU
		{A8F02FB6-06AE-4D04-9F1E-E49582C0848D}.Release|Any CPU.Build.0 = Release|Any CPU
		{A8F02FB6-06AE-4D04-9F1E-E49582C0848D}.Release|Any CPU.Deploy.0 = Release|Any CPU
	EndGlobalSection
	GlobalSection(SolutionProperties) = preSolution
		HideSolutionNode = FALSE
	EndGlobalSection
	GlobalSection(ExtensibilityGlobals) = postSolution
		SolutionGuid = {EB31A393-84CB-4579-AACF-E8C67E09EA76}
	EndGlobalSection
EndGlobal
